{
	"name": "css_minify",
	"lockfileVersion": 2,
	"requires": true,
	"packages": {
		"": {
			"dependencies": {
				"@node-minify/core": "^5.3.0",
				"@node-minify/sqwish": "^5.3.0"
			}
		},
		"node_modules/@node-minify/core": {
			"version": "5.3.0",
			"resolved": "https://registry.npmjs.org/@node-minify/core/-/core-5.3.0.tgz",
			"integrity": "sha512-1yB2raSb5eOc+1iViM1gmlT0ieYrPWbQfivu7LYPg2cfRJT8fVbpfrHf/hxZs/NwW11MdxD+yZTulIKYfvpwnQ==",
			"dependencies": {
				"@node-minify/utils": "^5.3.0",
				"glob": "7.1.6",
				"mkdirp": "0.5.1"
			},
			"engines": {
				"node": ">=8.0.0"
			}
		},
		"node_modules/@node-minify/sqwish": {
			"version": "5.3.0",
			"resolved": "https://registry.npmjs.org/@node-minify/sqwish/-/sqwish-5.3.0.tgz",
			"integrity": "sha512-UCXsqve3lgTMjO3hr7sn1a+yFt0RqQIU4/JWxtwPFMNLOdm6lQsWq/K1DKjJISs7eD90HaUx0yHggGl33Rz5HA==",
			"dependencies": {
				"@node-minify/utils": "^5.3.0",
				"sqwish": "0.2.2"
			},
			"engines": {
				"node": ">=8.0.0"
			}
		},
		"node_modules/@node-minify/utils": {
			"version": "5.3.0",
			"resolved": "https://registry.npmjs.org/@node-minify/utils/-/utils-5.3.0.tgz",
			"integrity": "sha512-4FsEiTE3Jf036OhG8Fl461rK9NkIzLVY8WASD560ZubohSnYUteYnBd2W0GOPlTwImVu4F+XehURd2eIY1bMvw==",
			"dependencies": {
				"gzip-size": "5.1.1"
			},
			"engines": {
				"node": ">=8.0.0"
			}
		},
		"node_modules/balanced-match": {
			"version": "1.0.2",
			"resolved": "https://registry.npmjs.org/balanced-match/-/balanced-match-1.0.2.tgz",
			"integrity": "sha512-3oSeUO0TMV67hN1AmbXsK4yaqU7tjiHlbxRDZOpH0KW9+CeX4bRAaX0Anxt0tx2MrpRpWwQaPwIlISEJhYU5Pw=="
		},
		"node_modules/brace-expansion": {
			"version": "1.1.11",
			"resolved": "https://registry.npmjs.org/brace-expansion/-/brace-expansion-1.1.11.tgz",
			"integrity": "sha512-iCuPHDFgrHX7H2vEI/5xpz07zSHB00TpugqhmYtVmMO6518mCuRMoOYFldEBl0g187ufozdaHgWKcYFb61qGiA==",
			"dependencies": {
				"balanced-match": "^1.0.0",
				"concat-map": "0.0.1"
			}
		},
		"node_modules/concat-map": {
			"version": "0.0.1",
			"resolved": "https://registry.npmjs.org/concat-map/-/concat-map-0.0.1.tgz",
			"integrity": "sha512-/Srv4dswyQNBfohGpz9o6Yb3Gz3SrUDqBH5rTuhGR7ahtlbYKnVxw2bCFMRljaA7EXHaXZ8wsHdodFvbkhKmqg=="
		},
		"node_modules/duplexer": {
			"version": "0.1.2",
			"resolved": "https://registry.npmjs.org/duplexer/-/duplexer-0.1.2.tgz",
			"integrity": "sha512-jtD6YG370ZCIi/9GTaJKQxWTZD045+4R4hTk/x1UyoqadyJ9x9CgSi1RlVDQF8U2sxLLSnFkCaMihqljHIWgMg=="
		},
		"node_modules/fs.realpath": {
			"version": "1.0.0",
			"resolved": "https://registry.npmjs.org/fs.realpath/-/fs.realpath-1.0.0.tgz",
			"integrity": "sha512-OO0pH2lK6a0hZnAdau5ItzHPI6pUlvI7jMVnxUQRtw4owF2wk8lOSabtGDCTP4Ggrg2MbGnWO9X8K1t4+fGMDw=="
		},
		"node_modules/glob": {
			"version": "7.1.6",
			"resolved": "https://registry.npmjs.org/glob/-/glob-7.1.6.tgz",
			"integrity": "sha512-LwaxwyZ72Lk7vZINtNNrywX0ZuLyStrdDtabefZKAY5ZGJhVtgdznluResxNmPitE0SAO+O26sWTHeKSI2wMBA==",
			"dependencies": {
				"fs.realpath": "^1.0.0",
				"inflight": "^1.0.4",
				"inherits": "2",
				"minimatch": "^3.0.4",
				"once": "^1.3.0",
				"path-is-absolute": "^1.0.0"
			},
			"engines": {
				"node": "*"
			},
			"funding": {
				"url": "https://github.com/sponsors/isaacs"
			}
		},
		"node_modules/gzip-size": {
			"version": "5.1.1",
			"resolved": "https://registry.npmjs.org/gzip-size/-/gzip-size-5.1.1.tgz",
			"integrity": "sha512-FNHi6mmoHvs1mxZAds4PpdCS6QG8B4C1krxJsMutgxl5t3+GlRTzzI3NEkifXx2pVsOvJdOGSmIgDhQ55FwdPA==",
			"dependencies": {
				"duplexer": "^0.1.1",
				"pify": "^4.0.1"
			},
			"engines": {
				"node": ">=6"
			}
		},
		"node_modules/inflight": {
			"version": "1.0.6",
			"resolved": "https://registry.npmjs.org/inflight/-/inflight-1.0.6.tgz",
			"integrity": "sha512-k92I/b08q4wvFscXCLvqfsHCrjrF7yiXsQuIVvVE7N82W3+aqpzuUdBbfhWcy/FZR3/4IgflMgKLOsvPDrGCJA==",
			"dependencies": {
				"once": "^1.3.0",
				"wrappy": "1"
			}
		},
		"node_modules/inherits": {
			"version": "2.0.4",
			"resolved": "https://registry.npmjs.org/inherits/-/inherits-2.0.4.tgz",
			"integrity": "sha512-k/vGaX4/Yla3WzyMCvTQOXYeIHvqOKtnqBduzTHpzpQZzAskKMhZ2K+EnBiSM9zGSoIFeMpXKxa4dYeZIQqewQ=="
		},
		"node_modules/minimatch": {
			"version": "3.1.2",
			"resolved": "https://registry.npmjs.org/minimatch/-/minimatch-3.1.2.tgz",
			"integrity": "sha512-J7p63hRiAjw1NDEww1W7i37+ByIrOWO5XQQAzZ3VOcL0PNybwpfmV/N05zFAzwQ9USyEcX6t3UO+K5aqBQOIHw==",
			"dependencies": {
				"brace-expansion": "^1.1.7"
			},
			"engines": {
				"node": "*"
			}
		},
		"node_modules/minimist": {
			"version": "0.0.8",
			"resolved": "https://registry.npmjs.org/minimist/-/minimist-0.0.8.tgz",
			"integrity": "sha512-miQKw5Hv4NS1Psg2517mV4e4dYNaO3++hjAvLOAzKqZ61rH8NS1SK+vbfBWZ5PY/Me/bEWhUwqMghEW5Fb9T7Q=="
		},
		"node_modules/mkdirp": {
			"version": "0.5.1",
			"resolved": "https://registry.npmjs.org/mkdirp/-/mkdirp-0.5.1.tgz",
			"integrity": "sha512-SknJC52obPfGQPnjIkXbmA6+5H15E+fR+E4iR2oQ3zzCLbd7/ONua69R/Gw7AgkTLsRG+r5fzksYwWe1AgTyWA==",
			"deprecated": "Legacy versions of mkdirp are no longer supported. Please update to mkdirp 1.x. (Note that the API surface has changed to use Promises in 1.x.)",
			"dependencies": {
				"minimist": "0.0.8"
			},
			"bin": {
				"mkdirp": "bin/cmd.js"
			}
		},
		"node_modules/once": {
			"version": "1.4.0",
			"resolved": "https://registry.npmjs.org/once/-/once-1.4.0.tgz",
			"integrity": "sha512-lNaJgI+2Q5URQBkccEKHTQOPaXdUxnZZElQTZY0MFUAuaEqe1E+Nyvgdz/aIyNi6Z9MzO5dv1H8n58/GELp3+w==",
			"dependencies": {
				"wrappy": "1"
			}
		},
		"node_modules/path-is-absolute": {
			"version": "1.0.1",
			"resolved": "https://registry.npmjs.org/path-is-absolute/-/path-is-absolute-1.0.1.tgz",
			"integrity": "sha512-AVbw3UJ2e9bq64vSaS9Am0fje1Pa8pbGqTTsmXfaIiMpnr5DlDhfJOuLj9Sf95ZPVDAUerDfEk88MPmPe7UCQg==",
			"engines": {
				"node": ">=0.10.0"
			}
		},
		"node_modules/pify": {
			"version": "4.0.1",
			"resolved": "https://registry.npmjs.org/pify/-/pify-4.0.1.tgz",
			"integrity": "sha512-uB80kBFb/tfd68bVleG9T5GGsGPjJrLAUpR5PZIrhBnIaRTQRjqdJSsIKkOP6OAIFbj7GOrcudc5pNjZ+geV2g==",
			"engines": {
				"node": ">=6"
			}
		},
		"node_modules/sqwish": {
			"version": "0.2.2",
			"resolved": "https://registry.npmjs.org/sqwish/-/sqwish-0.2.2.tgz",
			"integrity": "sha512-MyaCOSCiThzFPcXHebkWiiXDDlEzbHtbdJBqos4CkUwiKdCgQU0IOzBJwswhBv2Qg3glj5TxzDxvKobuyB4e8w==",
			"bin": {
				"sqwish": "bin/sqwish"
			},
			"engines": {
				"node": ">= 0.4.1"
			}
		},
		"node_modules/wrappy": {
			"version": "1.0.2",
			"resolved": "https://registry.npmjs.org/wrappy/-/wrappy-1.0.2.tgz",
			"integrity": "sha512-l4Sp/DRseor9wL6EvV2+TuQn63dMkPjZ/sp9XkghTEbV9KlPS1xUsZ3u7/IQO4wxtcFB4bgpQPRcR3QCvezPcQ=="
		}
	},
	"dependencies": {
		"@node-minify/core": {
			"version": "5.3.0",
			"resolved": "https://registry.npmjs.org/@node-minify/core/-/core-5.3.0.tgz",
			"integrity": "sha512-1yB2raSb5eOc+1iViM1gmlT0ieYrPWbQfivu7LYPg2cfRJT8fVbpfrHf/hxZs/NwW11MdxD+yZTulIKYfvpwnQ==",
			"requires": {
				"@node-minify/utils": "^5.3.0",
				"glob": "7.1.6",
				"mkdirp": "0.5.1"
			}
		},
		"@node-minify/sqwish": {
			"version": "5.3.0",
			"resolved": "https://registry.npmjs.org/@node-minify/sqwish/-/sqwish-5.3.0.tgz",
			"integrity": "sha512-UCXsqve3lgTMjO3hr7sn1a+yFt0RqQIU4/JWxtwPFMNLOdm6lQsWq/K1DKjJISs7eD90HaUx0yHggGl33Rz5HA==",
			"requires": {
				"@node-minify/utils": "^5.3.0",
				"sqwish": "0.2.2"
			}
		},
		"@node-minify/utils": {
			"version": "5.3.0",
			"resolved": "https://registry.npmjs.org/@node-minify/utils/-/utils-5.3.0.tgz",
			"integrity": "sha512-4FsEiTE3Jf036OhG8Fl461rK9NkIzLVY8WASD560ZubohSnYUteYnBd2W0GOPlTwImVu4F+XehURd2eIY1bMvw==",
			"requires": {
				"gzip-size": "5.1.1"
			}
		},
		"balanced-match": {
			"version": "1.0.2",
			"resolved": "https://registry.npmjs.org/balanced-match/-/balanced-match-1.0.2.tgz",
			"integrity": "sha512-3oSeUO0TMV67hN1AmbXsK4yaqU7tjiHlbxRDZOpH0KW9+CeX4bRAaX0Anxt0tx2MrpRpWwQaPwIlISEJhYU5Pw=="
		},
		"brace-expansion": {
			"version": "1.1.11",
			"resolved": "https://registry.npmjs.org/brace-expansion/-/brace-expansion-1.1.11.tgz",
			"integrity": "sha512-iCuPHDFgrHX7H2vEI/5xpz07zSHB00TpugqhmYtVmMO6518mCuRMoOYFldEBl0g187ufozdaHgWKcYFb61qGiA==",
			"requires": {
				"balanced-match": "^1.0.0",
				"concat-map": "0.0.1"
			}
		},
		"concat-map": {
			"version": "0.0.1",
			"resolved": "https://registry.npmjs.org/concat-map/-/concat-map-0.0.1.tgz",
			"integrity": "sha512-/Srv4dswyQNBfohGpz9o6Yb3Gz3SrUDqBH5rTuhGR7ahtlbYKnVxw2bCFMRljaA7EXHaXZ8wsHdodFvbkhKmqg=="
		},
		"duplexer": {
			"version": "0.1.2",
			"resolved": "https://registry.npmjs.org/duplexer/-/duplexer-0.1.2.tgz",
			"integrity": "sha512-jtD6YG370ZCIi/9GTaJKQxWTZD045+4R4hTk/x1UyoqadyJ9x9CgSi1RlVDQF8U2sxLLSnFkCaMihqljHIWgMg=="
		},
		"fs.realpath": {
			"version": "1.0.0",
			"resolved": "https://registry.npmjs.org/fs.realpath/-/fs.realpath-1.0.0.tgz",
			"integrity": "sha512-OO0pH2lK6a0hZnAdau5ItzHPI6pUlvI7jMVnxUQRtw4owF2wk8lOSabtGDCTP4Ggrg2MbGnWO9X8K1t4+fGMDw=="
		},
		"glob": {
			"version": "7.1.6",
			"resolved": "https://registry.npmjs.org/glob/-/glob-7.1.6.tgz",
			"integrity": "sha512-LwaxwyZ72Lk7vZINtNNrywX0ZuLyStrdDtabefZKAY5ZGJhVtgdznluResxNmPitE0SAO+O26sWTHeKSI2wMBA==",
			"requires": {
				"fs.realpath": "^1.0.0",
				"inflight": "^1.0.4",
				"inherits": "2",
				"minimatch": "^3.0.4",
				"once": "^1.3.0",
				"path-is-absolute": "^1.0.0"
			}
		},
		"gzip-size": {
			"version": "5.1.1",
			"resolved": "https://registry.npmjs.org/gzip-size/-/gzip-size-5.1.1.tgz",
			"integrity": "sha512-FNHi6mmoHvs1mxZAds4PpdCS6QG8B4C1krxJsMutgxl5t3+GlRTzzI3NEkifXx2pVsOvJdOGSmIgDhQ55FwdPA==",
			"requires": {
				"duplexer": "^0.1.1",
				"pify": "^4.0.1"
			}
		},
		"inflight": {
			"version": "1.0.6",
			"resolved": "https://registry.npmjs.org/inflight/-/inflight-1.0.6.tgz",
			"integrity": "sha512-k92I/b08q4wvFscXCLvqfsHCrjrF7yiXsQuIVvVE7N82W3+aqpzuUdBbfhWcy/FZR3/4IgflMgKLOsvPDrGCJA==",
			"requires": {
				"once": "^1.3.0",
				"wrappy": "1"
			}
		},
		"inherits": {
			"version": "2.0.4",
			"resolved": "https://registry.npmjs.org/inherits/-/inherits-2.0.4.tgz",
			"integrity": "sha512-k/vGaX4/Yla3WzyMCvTQOXYeIHvqOKtnqBduzTHpzpQZzAskKMhZ2K+EnBiSM9zGSoIFeMpXKxa4dYeZIQqewQ=="
		},
		"minimatch": {
			"version": "3.1.2",
			"resolved": "https://registry.npmjs.org/minimatch/-/minimatch-3.1.2.tgz",
			"integrity": "sha512-J7p63hRiAjw1NDEww1W7i37+ByIrOWO5XQQAzZ3VOcL0PNybwpfmV/N05zFAzwQ9USyEcX6t3UO+K5aqBQOIHw==",
			"requires": {
				"brace-expansion": "^1.1.7"
			}
		},
		"minimist": {
			"version": "0.0.8",
			"resolved": "https://registry.npmjs.org/minimist/-/minimist-0.0.8.tgz",
			"integrity": "sha512-miQKw5Hv4NS1Psg2517mV4e4dYNaO3++hjAvLOAzKqZ61rH8NS1SK+vbfBWZ5PY/Me/bEWhUwqMghEW5Fb9T7Q=="
		},
		"mkdirp": {
			"version": "0.5.1",
			"resolved": "https://registry.npmjs.org/mkdirp/-/mkdirp-0.5.1.tgz",
			"integrity": "sha512-SknJC52obPfGQPnjIkXbmA6+5H15E+fR+E4iR2oQ3zzCLbd7/ONua69R/Gw7AgkTLsRG+r5fzksYwWe1AgTyWA==",
			"requires": {
				"minimist": "0.0.8"
			}
		},
		"once": {
			"version": "1.4.0",
			"resolved": "https://registry.npmjs.org/once/-/once-1.4.0.tgz",
			"integrity": "sha512-lNaJgI+2Q5URQBkccEKHTQOPaXdUxnZZElQTZY0MFUAuaEqe1E+Nyvgdz/aIyNi6Z9MzO5dv1H8n58/GELp3+w==",
			"requires": {
				"wrappy": "1"
			}
		},
		"path-is-absolute": {
			"version": "1.0.1",
			"resolved": "https://registry.npmjs.org/path-is-absolute/-/path-is-absolute-1.0.1.tgz",
			"integrity": "sha512-AVbw3UJ2e9bq64vSaS9Am0fje1Pa8pbGqTTsmXfaIiMpnr5DlDhfJOuLj9Sf95ZPVDAUerDfEk88MPmPe7UCQg=="
		},
		"pify": {
			"version": "4.0.1",
			"resolved": "https://registry.npmjs.org/pify/-/pify-4.0.1.tgz",
			"integrity": "sha512-uB80kBFb/tfd68bVleG9T5GGsGPjJrLAUpR5PZIrhBnIaRTQRjqdJSsIKkOP6OAIFbj7GOrcudc5pNjZ+geV2g=="
		},
		"sqwish": {
			"version": "0.2.2",
			"resolved": "https://registry.npmjs.org/sqwish/-/sqwish-0.2.2.tgz",
			"integrity": "sha512-MyaCOSCiThzFPcXHebkWiiXDDlEzbHtbdJBqos4CkUwiKdCgQU0IOzBJwswhBv2Qg3glj5TxzDxvKobuyB4e8w=="
		},
		"wrappy": {
			"version": "1.0.2",
			"resolved": "https://registry.npmjs.org/wrappy/-/wrappy-1.0.2.tgz",
			"integrity": "sha512-l4Sp/DRseor9wL6EvV2+TuQn63dMkPjZ/sp9XkghTEbV9KlPS1xUsZ3u7/IQO4wxtcFB4bgpQPRcR3QCvezPcQ=="
		}
	}
}
